<Solution>
  <Project Path="Game.csproj" />
  <Project Path="Unity.InputSystem.csproj" />
  <Project Path="Unity.Mathematics.csproj" />
  <Project Path="Unity.Collections.csproj" />
  <Project Path="Yrr.csproj" />
  <Project Path="Unity.PerformanceTesting.Editor.csproj" />
  <Project Path="Unity.Searcher.Editor.csproj" />
  <Project Path="Unity.Burst.csproj" />
  <Project Path="Unity.AI.Navigation.Editor.csproj" />
  <Project Path="Unity.VisualStudio.Editor.csproj" />
  <Project Path="Unity.AI.Navigation.Editor.ConversionSystem.csproj" />
  <Project Path="Unity.Burst.CodeGen.csproj" />
  <Project Path="Unity.PerformanceTesting.csproj" />
  <Project Path="Unity.AI.Navigation.csproj" />
  <Project Path="Unity.Burst.Editor.csproj" />
  <Project Path="Unity.AI.Navigation.Updater.csproj" />
  <Project Path="Unity.InputSystem.DocCodeSamples.csproj" />
  <Project Path="Unity.InputSystem.ForUI.csproj" />
  <Project Path="Unity.Collections.CodeGen.csproj" />
  <Project Path="Unity.Mathematics.Editor.csproj" />
  <Project Path="Assembly-CSharp-Editor.csproj" />
  <Project Path="Assembly-CSharp.csproj" />
  <Project Path="Unity.InputSystem.TestFramework.csproj" />
  <Project Path="Unity.Collections.Editor.csproj" />
</Solution>
